
Microsoft Visual Studio Solution File, Format Version 12.00
# Visual Studio Version 16
VisualStudioVersion = 16.0.29215.179
MinimumVisualStudioVersion = 10.0.40219.1
Project("{FAE04EC0-301F-11D3-BF4B-00C04F79EFBC}") = "NumberGuess", "NumbeGuess\NumberGuess.csproj", "{D1983D2F-512F-4326-A80A-4CBD4A2FD9F1}"
EndProject
Global
	GlobalSection(SolutionConfigurationPlatforms) = preSolution
		Debug|Any CPU = Debug|Any CPU
		Release|Any CPU = Release|Any CPU
	EndGlobalSection
	GlobalSection(ProjectConfigurationPlatforms) = postSolution
		{D1983D2F-512F-4326-A80A-4CBD4A2FD9F1}.Debug|Any CPU.ActiveCfg = Debug|Any CPU
		{D1983D2F-512F-4326-A80A-4CBD4A2FD9F1}.Debug|Any CPU.Build.0 = Debug|Any CPU
		{D1983D2F-512F-4326-A80A-4CBD4A2FD9F1}.Release|Any CPU.ActiveCfg = Release|Any CPU
		{D1983D2F-512F-4326-A80A-4CBD4A2FD9F1}.Release|Any CPU.Build.0 = Release|Any CPU
	EndGlobalSection
	GlobalSection(SolutionProperties) = preSolution
		HideSolutionNode = FALSE
	EndGlobalSection
	GlobalSection(ExtensibilityGlobals) = postSolution
		SolutionGuid = {835576A0-1712-4041-9411-9A15B683D99F}
	EndGlobalSection
EndGlobal
